// !$*UTF8*$!
{
	archiveVersion = 1;
	classes = {
	};
	objectVersion = 46;
	objects = {

/* Begin PBXBuildFile section */
		52220E2B1C09009A00555350 /* 37x-Checkmark.png in Resources */ = {isa = PBXBuildFile; fileRef = 52220E291C09009A00555350 /* 37x-Checkmark.png */; };
		52220E2C1C09009A00555350 /* 37x-Checkmark@2x.png in Resources */ = {isa = PBXBuildFile; fileRef = 52220E2A1C09009A00555350 /* 37x-Checkmark@2x.png */; };
		52220E3A1C0B9D3200555350 /* KeyboardViewController.swift in Sources */ = {isa = PBXBuildFile; fileRef = 52220E391C0B9D3200555350 /* KeyboardViewController.swift */; };
		52220E3E1C0B9D3200555350 /* CustomKeyboard.appex in Embed App Extensions */ = {isa = PBXBuildFile; fileRef = 52220E371C0B9D3200555350 /* CustomKeyboard.appex */; settings = {ATTRIBUTES = (RemoveHeadersOnCopy, ); }; };
		525888491C08FBC000C89BC9 /* AppDelegate.swift in Sources */ = {isa = PBXBuildFile; fileRef = 525888481C08FBC000C89BC9 /* AppDelegate.swift */; };
		5258884B1C08FBC000C89BC9 /* ViewController.swift in Sources */ = {isa = PBXBuildFile; fileRef = 5258884A1C08FBC000C89BC9 /* ViewController.swift */; };
		5258884E1C08FBC000C89BC9 /* Main.storyboard in Resources */ = {isa = PBXBuildFile; fileRef = 5258884C1C08FBC000C89BC9 /* Main.storyboard */; };
		525888501C08FBC000C89BC9 /* Assets.xcassets in Resources */ = {isa = PBXBuildFile; fileRef = 5258884F1C08FBC000C89BC9 /* Assets.xcassets */; };
		525888531C08FBC000C89BC9 /* LaunchScreen.storyboard in Resources */ = {isa = PBXBuildFile; fileRef = 525888511C08FBC000C89BC9 /* LaunchScreen.storyboard */; };
		525CB9691C12BDC500585BB6 /* KeyData.swift in Sources */ = {isa = PBXBuildFile; fileRef = 525CB9681C12BDC500585BB6 /* KeyData.swift */; };
		525CB96D1C12C42700585BB6 /* huh.amr in Resources */ = {isa = PBXBuildFile; fileRef = 525CB96A1C12C42700585BB6 /* huh.amr */; };
		526497261C128E67007D6353 /* Trillmoji.entitlements in Resources */ = {isa = PBXBuildFile; fileRef = 526497251C128E67007D6353 /* Trillmoji.entitlements */; };
		526497271C128E67007D6353 /* Trillmoji.entitlements in Resources */ = {isa = PBXBuildFile; fileRef = 526497251C128E67007D6353 /* Trillmoji.entitlements */; };
		52B81A471C2C9FE90064A734 /* libPods.a in Frameworks */ = {isa = PBXBuildFile; fileRef = B1DA732EBB53335DB8131C2B /* libPods.a */; };
		5C16C1A51C27419600C543B1 /* KeyCell.swift in Sources */ = {isa = PBXBuildFile; fileRef = 5C16C1A31C27401E00C543B1 /* KeyCell.swift */; };
		5C16C1A61C2757A800C543B1 /* KeyboardViewControllerSB.storyboard in Resources */ = {isa = PBXBuildFile; fileRef = 5C16C1A11C273A7400C543B1 /* KeyboardViewControllerSB.storyboard */; };
		74B44AF61C133C9C005A0E6B /* cat.amr in Resources */ = {isa = PBXBuildFile; fileRef = 74B44AF51C133C9C005A0E6B /* cat.amr */; };
		74B44AF81C13884B005A0E6B /* rocket.amr in Resources */ = {isa = PBXBuildFile; fileRef = 74B44AF71C13884B005A0E6B /* rocket.amr */; };
		74B44B041C1390B2005A0E6B /* airhorn.amr in Resources */ = {isa = PBXBuildFile; fileRef = 74B44AF91C1390B2005A0E6B /* airhorn.amr */; };
		74B44B051C1390B2005A0E6B /* applause.amr in Resources */ = {isa = PBXBuildFile; fileRef = 74B44AFA1C1390B2005A0E6B /* applause.amr */; };
		74B44B061C1390B2005A0E6B /* beer.amr in Resources */ = {isa = PBXBuildFile; fileRef = 74B44AFB1C1390B2005A0E6B /* beer.amr */; };
		74B44B071C1390B2005A0E6B /* cash.amr in Resources */ = {isa = PBXBuildFile; fileRef = 74B44AFC1C1390B2005A0E6B /* cash.amr */; };
		74B44B081C1390B2005A0E6B /* crickets.amr in Resources */ = {isa = PBXBuildFile; fileRef = 74B44AFD1C1390B2005A0E6B /* crickets.amr */; };
		74B44B091C1390B2005A0E6B /* dog.amr in Resources */ = {isa = PBXBuildFile; fileRef = 74B44AFE1C1390B2005A0E6B /* dog.amr */; };
		74B44B0A1C1390B2005A0E6B /* peach.amr in Resources */ = {isa = PBXBuildFile; fileRef = 74B44AFF1C1390B2005A0E6B /* peach.amr */; };
		74B44B0C1C1390B2005A0E6B /* rimshot.amr in Resources */ = {isa = PBXBuildFile; fileRef = 74B44B011C1390B2005A0E6B /* rimshot.amr */; };
		74B44B0D1C1390B2005A0E6B /* rooster.amr in Resources */ = {isa = PBXBuildFile; fileRef = 74B44B021C1390B2005A0E6B /* rooster.amr */; };
		74B44B0E1C1390B2005A0E6B /* siren.amr in Resources */ = {isa = PBXBuildFile; fileRef = 74B44B031C1390B2005A0E6B /* siren.amr */; };
		74B44B111C13926E005A0E6B /* sad-trombone.amr in Resources */ = {isa = PBXBuildFile; fileRef = 74B44B0F1C13926E005A0E6B /* sad-trombone.amr */; };
		74B44B121C13926E005A0E6B /* turkey.amr in Resources */ = {isa = PBXBuildFile; fileRef = 74B44B101C13926E005A0E6B /* turkey.amr */; };
		74B44B281C139CEE005A0E6B /* airhorn.wav in Resources */ = {isa = PBXBuildFile; fileRef = 74B44B181C139CEE005A0E6B /* airhorn.wav */; };
		74B44B291C139CEE005A0E6B /* applause.wav in Resources */ = {isa = PBXBuildFile; fileRef = 74B44B191C139CEE005A0E6B /* applause.wav */; };
		74B44B2A1C139CEE005A0E6B /* beer.wav in Resources */ = {isa = PBXBuildFile; fileRef = 74B44B1A1C139CEE005A0E6B /* beer.wav */; };
		74B44B2B1C139CEE005A0E6B /* cash.wav in Resources */ = {isa = PBXBuildFile; fileRef = 74B44B1B1C139CEE005A0E6B /* cash.wav */; };
		74B44B2C1C139CEE005A0E6B /* cat.wav in Resources */ = {isa = PBXBuildFile; fileRef = 74B44B1C1C139CEE005A0E6B /* cat.wav */; };
		74B44B2D1C139CEE005A0E6B /* crickets.wav in Resources */ = {isa = PBXBuildFile; fileRef = 74B44B1D1C139CEE005A0E6B /* crickets.wav */; };
		74B44B2E1C139CEE005A0E6B /* dog.wav in Resources */ = {isa = PBXBuildFile; fileRef = 74B44B1E1C139CEE005A0E6B /* dog.wav */; };
		74B44B2F1C139CEE005A0E6B /* huh.wav in Resources */ = {isa = PBXBuildFile; fileRef = 74B44B1F1C139CEE005A0E6B /* huh.wav */; };
		74B44B311C139CEE005A0E6B /* peach.wav in Resources */ = {isa = PBXBuildFile; fileRef = 74B44B211C139CEE005A0E6B /* peach.wav */; };
		74B44B321C139CEE005A0E6B /* rimshot.wav in Resources */ = {isa = PBXBuildFile; fileRef = 74B44B221C139CEE005A0E6B /* rimshot.wav */; };
		74B44B331C139CEE005A0E6B /* rocket.wav in Resources */ = {isa = PBXBuildFile; fileRef = 74B44B231C139CEE005A0E6B /* rocket.wav */; };
		74B44B341C139CEE005A0E6B /* rooster.wav in Resources */ = {isa = PBXBuildFile; fileRef = 74B44B241C139CEE005A0E6B /* rooster.wav */; };
		74B44B351C139CEE005A0E6B /* sad-trombone.wav in Resources */ = {isa = PBXBuildFile; fileRef = 74B44B251C139CEE005A0E6B /* sad-trombone.wav */; };
		74B44B361C139CEE005A0E6B /* siren.wav in Resources */ = {isa = PBXBuildFile; fileRef = 74B44B261C139CEE005A0E6B /* siren.wav */; };
		74B44B371C139CEE005A0E6B /* turkey.wav in Resources */ = {isa = PBXBuildFile; fileRef = 74B44B271C139CEE005A0E6B /* turkey.wav */; };
		A87732C7AB30075DE777E06C /* libPods.a in Frameworks */ = {isa = PBXBuildFile; fileRef = B1DA732EBB53335DB8131C2B /* libPods.a */; };
/* End PBXBuildFile section */

/* Begin PBXContainerItemProxy section */
		52220E3C1C0B9D3200555350 /* PBXContainerItemProxy */ = {
			isa = PBXContainerItemProxy;
			containerPortal = 5258883D1C08FBC000C89BC9 /* Project object */;
			proxyType = 1;
			remoteGlobalIDString = 52220E361C0B9D3200555350;
			remoteInfo = CustomKeyboard;
		};
/* End PBXContainerItemProxy section */

/* Begin PBXCopyFilesBuildPhase section */
		52220E421C0B9D3200555350 /* Embed App Extensions */ = {
			isa = PBXCopyFilesBuildPhase;
			buildActionMask = 2147483647;
			dstPath = "";
			dstSubfolderSpec = 13;
			files = (
				52220E3E1C0B9D3200555350 /* CustomKeyboard.appex in Embed App Extensions */,
			);
			name = "Embed App Extensions";
			runOnlyForDeploymentPostprocessing = 0;
		};
/* End PBXCopyFilesBuildPhase section */

/* Begin PBXFileReference section */
		52220E281C08FDB100555350 /* Trillmoji-Bridging-Header.h */ = {isa = PBXFileReference; lastKnownFileType = sourcecode.c.h; path = "Trillmoji-Bridging-Header.h"; sourceTree = "<group>"; };
		52220E291C09009A00555350 /* 37x-Checkmark.png */ = {isa = PBXFileReference; lastKnownFileType = image.png; path = "37x-Checkmark.png"; sourceTree = "<group>"; };
		52220E2A1C09009A00555350 /* 37x-Checkmark@2x.png */ = {isa = PBXFileReference; lastKnownFileType = image.png; path = "37x-Checkmark@2x.png"; sourceTree = "<group>"; };
		52220E371C0B9D3200555350 /* CustomKeyboard.appex */ = {isa = PBXFileReference; explicitFileType = "wrapper.app-extension"; includeInIndex = 0; path = CustomKeyboard.appex; sourceTree = BUILT_PRODUCTS_DIR; };
		52220E391C0B9D3200555350 /* KeyboardViewController.swift */ = {isa = PBXFileReference; lastKnownFileType = sourcecode.swift; path = KeyboardViewController.swift; sourceTree = "<group>"; };
		52220E3B1C0B9D3200555350 /* Info.plist */ = {isa = PBXFileReference; lastKnownFileType = text.plist.xml; path = Info.plist; sourceTree = "<group>"; };
		525888451C08FBC000C89BC9 /* Trillmoji.app */ = {isa = PBXFileReference; explicitFileType = wrapper.application; includeInIndex = 0; path = Trillmoji.app; sourceTree = BUILT_PRODUCTS_DIR; };
		525888481C08FBC000C89BC9 /* AppDelegate.swift */ = {isa = PBXFileReference; lastKnownFileType = sourcecode.swift; path = AppDelegate.swift; sourceTree = "<group>"; };
		5258884A1C08FBC000C89BC9 /* ViewController.swift */ = {isa = PBXFileReference; lastKnownFileType = sourcecode.swift; path = ViewController.swift; sourceTree = "<group>"; };
		5258884D1C08FBC000C89BC9 /* Base */ = {isa = PBXFileReference; lastKnownFileType = file.storyboard; name = Base; path = Base.lproj/Main.storyboard; sourceTree = "<group>"; };
		5258884F1C08FBC000C89BC9 /* Assets.xcassets */ = {isa = PBXFileReference; lastKnownFileType = folder.assetcatalog; path = Assets.xcassets; sourceTree = "<group>"; };
		525888521C08FBC000C89BC9 /* Base */ = {isa = PBXFileReference; lastKnownFileType = file.storyboard; name = Base; path = Base.lproj/LaunchScreen.storyboard; sourceTree = "<group>"; };
		525888541C08FBC000C89BC9 /* Info.plist */ = {isa = PBXFileReference; lastKnownFileType = text.plist.xml; path = Info.plist; sourceTree = "<group>"; };
		525CB9651C12A9A700585BB6 /* CustomKeyboard.entitlements */ = {isa = PBXFileReference; lastKnownFileType = text.xml; path = CustomKeyboard.entitlements; sourceTree = "<group>"; };
		525CB9681C12BDC500585BB6 /* KeyData.swift */ = {isa = PBXFileReference; fileEncoding = 4; lastKnownFileType = sourcecode.swift; path = KeyData.swift; sourceTree = "<group>"; };
		525CB96A1C12C42700585BB6 /* huh.amr */ = {isa = PBXFileReference; lastKnownFileType = file; path = huh.amr; sourceTree = "<group>"; };
		526497251C128E67007D6353 /* Trillmoji.entitlements */ = {isa = PBXFileReference; fileEncoding = 4; lastKnownFileType = text.xml; path = Trillmoji.entitlements; sourceTree = "<group>"; };
		5C16C1A11C273A7400C543B1 /* KeyboardViewControllerSB.storyboard */ = {isa = PBXFileReference; fileEncoding = 4; lastKnownFileType = file.storyboard; name = KeyboardViewControllerSB.storyboard; path = ../Trillmoji/KeyboardViewControllerSB.storyboard; sourceTree = "<group>"; };
		5C16C1A31C27401E00C543B1 /* KeyCell.swift */ = {isa = PBXFileReference; fileEncoding = 4; lastKnownFileType = sourcecode.swift; name = KeyCell.swift; path = CustomKeyboard/KeyCell.swift; sourceTree = SOURCE_ROOT; };
		74B44AF51C133C9C005A0E6B /* cat.amr */ = {isa = PBXFileReference; lastKnownFileType = file; path = cat.amr; sourceTree = "<group>"; };
		74B44AF71C13884B005A0E6B /* rocket.amr */ = {isa = PBXFileReference; lastKnownFileType = file; path = rocket.amr; sourceTree = "<group>"; };
		74B44AF91C1390B2005A0E6B /* airhorn.amr */ = {isa = PBXFileReference; lastKnownFileType = file; path = airhorn.amr; sourceTree = "<group>"; };
		74B44AFA1C1390B2005A0E6B /* applause.amr */ = {isa = PBXFileReference; lastKnownFileType = file; path = applause.amr; sourceTree = "<group>"; };
		74B44AFB1C1390B2005A0E6B /* beer.amr */ = {isa = PBXFileReference; lastKnownFileType = file; path = beer.amr; sourceTree = "<group>"; };
		74B44AFC1C1390B2005A0E6B /* cash.amr */ = {isa = PBXFileReference; lastKnownFileType = file; path = cash.amr; sourceTree = "<group>"; };
		74B44AFD1C1390B2005A0E6B /* crickets.amr */ = {isa = PBXFileReference; lastKnownFileType = file; path = crickets.amr; sourceTree = "<group>"; };
		74B44AFE1C1390B2005A0E6B /* dog.amr */ = {isa = PBXFileReference; lastKnownFileType = file; path = dog.amr; sourceTree = "<group>"; };
		74B44AFF1C1390B2005A0E6B /* peach.amr */ = {isa = PBXFileReference; lastKnownFileType = file; path = peach.amr; sourceTree = "<group>"; };
		74B44B011C1390B2005A0E6B /* rimshot.amr */ = {isa = PBXFileReference; lastKnownFileType = file; path = rimshot.amr; sourceTree = "<group>"; };
		74B44B021C1390B2005A0E6B /* rooster.amr */ = {isa = PBXFileReference; lastKnownFileType = file; path = rooster.amr; sourceTree = "<group>"; };
		74B44B031C1390B2005A0E6B /* siren.amr */ = {isa = PBXFileReference; lastKnownFileType = file; path = siren.amr; sourceTree = "<group>"; };
		74B44B0F1C13926E005A0E6B /* sad-trombone.amr */ = {isa = PBXFileReference; lastKnownFileType = file; path = "sad-trombone.amr"; sourceTree = "<group>"; };
		74B44B101C13926E005A0E6B /* turkey.amr */ = {isa = PBXFileReference; lastKnownFileType = file; path = turkey.amr; sourceTree = "<group>"; };
		74B44B141C13992E005A0E6B /* CustomKeyboard-Bridging-Header.h */ = {isa = PBXFileReference; fileEncoding = 4; lastKnownFileType = sourcecode.c.h; path = "CustomKeyboard-Bridging-Header.h"; sourceTree = "<group>"; };
		74B44B181C139CEE005A0E6B /* airhorn.wav */ = {isa = PBXFileReference; lastKnownFileType = audio.wav; path = airhorn.wav; sourceTree = "<group>"; };
		74B44B191C139CEE005A0E6B /* applause.wav */ = {isa = PBXFileReference; lastKnownFileType = audio.wav; path = applause.wav; sourceTree = "<group>"; };
		74B44B1A1C139CEE005A0E6B /* beer.wav */ = {isa = PBXFileReference; lastKnownFileType = audio.wav; path = beer.wav; sourceTree = "<group>"; };
		74B44B1B1C139CEE005A0E6B /* cash.wav */ = {isa = PBXFileReference; lastKnownFileType = audio.wav; path = cash.wav; sourceTree = "<group>"; };
		74B44B1C1C139CEE005A0E6B /* cat.wav */ = {isa = PBXFileReference; lastKnownFileType = audio.wav; path = cat.wav; sourceTree = "<group>"; };
		74B44B1D1C139CEE005A0E6B /* crickets.wav */ = {isa = PBXFileReference; lastKnownFileType = audio.wav; path = crickets.wav; sourceTree = "<group>"; };
		74B44B1E1C139CEE005A0E6B /* dog.wav */ = {isa = PBXFileReference; lastKnownFileType = audio.wav; path = dog.wav; sourceTree = "<group>"; };
		74B44B1F1C139CEE005A0E6B /* huh.wav */ = {isa = PBXFileReference; lastKnownFileType = audio.wav; path = huh.wav; sourceTree = "<group>"; };
		74B44B211C139CEE005A0E6B /* peach.wav */ = {isa = PBXFileReference; lastKnownFileType = audio.wav; path = peach.wav; sourceTree = "<group>"; };
		74B44B221C139CEE005A0E6B /* rimshot.wav */ = {isa = PBXFileReference; lastKnownFileType = audio.wav; path = rimshot.wav; sourceTree = "<group>"; };
		74B44B231C139CEE005A0E6B /* rocket.wav */ = {isa = PBXFileReference; lastKnownFileType = audio.wav; path = rocket.wav; sourceTree = "<group>"; };
		74B44B241C139CEE005A0E6B /* rooster.wav */ = {isa = PBXFileReference; lastKnownFileType = audio.wav; path = rooster.wav; sourceTree = "<group>"; };
		74B44B251C139CEE005A0E6B /* sad-trombone.wav */ = {isa = PBXFileReference; lastKnownFileType = audio.wav; path = "sad-trombone.wav"; sourceTree = "<group>"; };
		74B44B261C139CEE005A0E6B /* siren.wav */ = {isa = PBXFileReference; lastKnownFileType = audio.wav; path = siren.wav; sourceTree = "<group>"; };
		74B44B271C139CEE005A0E6B /* turkey.wav */ = {isa = PBXFileReference; lastKnownFileType = audio.wav; path = turkey.wav; sourceTree = "<group>"; };
		B1DA732EBB53335DB8131C2B /* libPods.a */ = {isa = PBXFileReference; explicitFileType = archive.ar; includeInIndex = 0; path = libPods.a; sourceTree = BUILT_PRODUCTS_DIR; };
		DFBC664B3A0D3C04F95D47ED /* Pods.release.xcconfig */ = {isa = PBXFileReference; includeInIndex = 1; lastKnownFileType = text.xcconfig; name = Pods.release.xcconfig; path = "Pods/Target Support Files/Pods/Pods.release.xcconfig"; sourceTree = "<group>"; };
		FC62F72EBED1C03AD93959BF /* Pods.debug.xcconfig */ = {isa = PBXFileReference; includeInIndex = 1; lastKnownFileType = text.xcconfig; name = Pods.debug.xcconfig; path = "Pods/Target Support Files/Pods/Pods.debug.xcconfig"; sourceTree = "<group>"; };
/* End PBXFileReference section */

/* Begin PBXFrameworksBuildPhase section */
		52220E341C0B9D3200555350 /* Frameworks */ = {
			isa = PBXFrameworksBuildPhase;
			buildActionMask = 2147483647;
			files = (
				52B81A471C2C9FE90064A734 /* libPods.a in Frameworks */,
			);
			runOnlyForDeploymentPostprocessing = 0;
		};
		525888421C08FBC000C89BC9 /* Frameworks */ = {
			isa = PBXFrameworksBuildPhase;
			buildActionMask = 2147483647;
			files = (
				A87732C7AB30075DE777E06C /* libPods.a in Frameworks */,
			);
			runOnlyForDeploymentPostprocessing = 0;
		};
/* End PBXFrameworksBuildPhase section */

/* Begin PBXGroup section */
		299D9A27DAE2332D93E8D84E /* Pods */ = {
			isa = PBXGroup;
			children = (
				FC62F72EBED1C03AD93959BF /* Pods.debug.xcconfig */,
				DFBC664B3A0D3C04F95D47ED /* Pods.release.xcconfig */,
			);
			name = Pods;
			sourceTree = "<group>";
		};
		52220E381C0B9D3200555350 /* CustomKeyboard */ = {
			isa = PBXGroup;
			children = (
				74B44B151C139B78005A0E6B /* Sounds */,
				74B44B141C13992E005A0E6B /* CustomKeyboard-Bridging-Header.h */,
				525CB9651C12A9A700585BB6 /* CustomKeyboard.entitlements */,
				52220E391C0B9D3200555350 /* KeyboardViewController.swift */,
				5C16C1A31C27401E00C543B1 /* KeyCell.swift */,
				52220E3B1C0B9D3200555350 /* Info.plist */,
				525CB9681C12BDC500585BB6 /* KeyData.swift */,
				5C16C1A11C273A7400C543B1 /* KeyboardViewControllerSB.storyboard */,
			);
			path = CustomKeyboard;
			sourceTree = "<group>";
		};
		5258883C1C08FBC000C89BC9 = {
			isa = PBXGroup;
			children = (
				525888471C08FBC000C89BC9 /* Trillmoji */,
				52220E381C0B9D3200555350 /* CustomKeyboard */,
				525888461C08FBC000C89BC9 /* Products */,
				299D9A27DAE2332D93E8D84E /* Pods */,
				E98012E3EC9D4FA9F67A448C /* Frameworks */,
			);
			sourceTree = "<group>";
		};
		525888461C08FBC000C89BC9 /* Products */ = {
			isa = PBXGroup;
			children = (
				525888451C08FBC000C89BC9 /* Trillmoji.app */,
				52220E371C0B9D3200555350 /* CustomKeyboard.appex */,
			);
			name = Products;
			sourceTree = "<group>";
		};
		525888471C08FBC000C89BC9 /* Trillmoji */ = {
			isa = PBXGroup;
			children = (
				526497251C128E67007D6353 /* Trillmoji.entitlements */,
				525888481C08FBC000C89BC9 /* AppDelegate.swift */,
				5258884A1C08FBC000C89BC9 /* ViewController.swift */,
				52220E291C09009A00555350 /* 37x-Checkmark.png */,
				52220E2A1C09009A00555350 /* 37x-Checkmark@2x.png */,
				5258884C1C08FBC000C89BC9 /* Main.storyboard */,
				5258884F1C08FBC000C89BC9 /* Assets.xcassets */,
				525888511C08FBC000C89BC9 /* LaunchScreen.storyboard */,
				525888541C08FBC000C89BC9 /* Info.plist */,
				52220E281C08FDB100555350 /* Trillmoji-Bridging-Header.h */,
			);
			path = Trillmoji;
			sourceTree = "<group>";
		};
		74B44B151C139B78005A0E6B /* Sounds */ = {
			isa = PBXGroup;
			children = (
				74B44B171C139B8C005A0E6B /* AMR */,
				74B44B381C139CF4005A0E6B /* WAV */,
			);
			name = Sounds;
			sourceTree = "<group>";
		};
		74B44B171C139B8C005A0E6B /* AMR */ = {
			isa = PBXGroup;
			children = (
				74B44AF91C1390B2005A0E6B /* airhorn.amr */,
				74B44AFA1C1390B2005A0E6B /* applause.amr */,
				74B44AFB1C1390B2005A0E6B /* beer.amr */,
				74B44AFC1C1390B2005A0E6B /* cash.amr */,
				74B44AF51C133C9C005A0E6B /* cat.amr */,
				74B44AFD1C1390B2005A0E6B /* crickets.amr */,
				74B44AFE1C1390B2005A0E6B /* dog.amr */,
				525CB96A1C12C42700585BB6 /* huh.amr */,
				74B44AFF1C1390B2005A0E6B /* peach.amr */,
				74B44B011C1390B2005A0E6B /* rimshot.amr */,
				74B44AF71C13884B005A0E6B /* rocket.amr */,
				74B44B021C1390B2005A0E6B /* rooster.amr */,
				74B44B0F1C13926E005A0E6B /* sad-trombone.amr */,
				74B44B031C1390B2005A0E6B /* siren.amr */,
				74B44B101C13926E005A0E6B /* turkey.amr */,
			);
			name = AMR;
			sourceTree = "<group>";
		};
		74B44B381C139CF4005A0E6B /* WAV */ = {
			isa = PBXGroup;
			children = (
				74B44B181C139CEE005A0E6B /* airhorn.wav */,
				74B44B191C139CEE005A0E6B /* applause.wav */,
				74B44B1A1C139CEE005A0E6B /* beer.wav */,
				74B44B1B1C139CEE005A0E6B /* cash.wav */,
				74B44B1C1C139CEE005A0E6B /* cat.wav */,
				74B44B1D1C139CEE005A0E6B /* crickets.wav */,
				74B44B1E1C139CEE005A0E6B /* dog.wav */,
				74B44B1F1C139CEE005A0E6B /* huh.wav */,
				74B44B211C139CEE005A0E6B /* peach.wav */,
				74B44B221C139CEE005A0E6B /* rimshot.wav */,
				74B44B231C139CEE005A0E6B /* rocket.wav */,
				74B44B241C139CEE005A0E6B /* rooster.wav */,
				74B44B251C139CEE005A0E6B /* sad-trombone.wav */,
				74B44B261C139CEE005A0E6B /* siren.wav */,
				74B44B271C139CEE005A0E6B /* turkey.wav */,
			);
			name = WAV;
			sourceTree = "<group>";
		};
		E98012E3EC9D4FA9F67A448C /* Frameworks */ = {
			isa = PBXGroup;
			children = (
				B1DA732EBB53335DB8131C2B /* libPods.a */,
			);
			name = Frameworks;
			sourceTree = "<group>";
		};
/* End PBXGroup section */

/* Begin PBXNativeTarget section */
		52220E361C0B9D3200555350 /* CustomKeyboard */ = {
			isa = PBXNativeTarget;
			buildConfigurationList = 52220E3F1C0B9D3200555350 /* Build configuration list for PBXNativeTarget "CustomKeyboard" */;
			buildPhases = (
				005440C1FC63A474D3A4A096 /* Check Pods Manifest.lock */,
				52220E331C0B9D3200555350 /* Sources */,
				52220E341C0B9D3200555350 /* Frameworks */,
				52220E351C0B9D3200555350 /* Resources */,
				788E0FD904D356988E463999 /* Embed Pods Frameworks */,
				40323E725A1ED3C34AF84C6E /* Copy Pods Resources */,
			);
			buildRules = (
			);
			dependencies = (
			);
			name = CustomKeyboard;
			productName = CustomKeyboard;
			productReference = 52220E371C0B9D3200555350 /* CustomKeyboard.appex */;
			productType = "com.apple.product-type.app-extension";
		};
		525888441C08FBC000C89BC9 /* Trillmoji */ = {
			isa = PBXNativeTarget;
			buildConfigurationList = 525888571C08FBC000C89BC9 /* Build configuration list for PBXNativeTarget "Trillmoji" */;
			buildPhases = (
				45FF086C17B297D439824CB2 /* Check Pods Manifest.lock */,
				525888411C08FBC000C89BC9 /* Sources */,
				525888421C08FBC000C89BC9 /* Frameworks */,
				525888431C08FBC000C89BC9 /* Resources */,
				ADF126B6D3BE2DD7239FE011 /* Embed Pods Frameworks */,
				0496CE17DED1D7FB4D0ACA4B /* Copy Pods Resources */,
				52220E421C0B9D3200555350 /* Embed App Extensions */,
			);
			buildRules = (
			);
			dependencies = (
				52220E3D1C0B9D3200555350 /* PBXTargetDependency */,
			);
			name = Trillmoji;
			productName = Trillmoji;
			productReference = 525888451C08FBC000C89BC9 /* Trillmoji.app */;
			productType = "com.apple.product-type.application";
		};
/* End PBXNativeTarget section */

/* Begin PBXProject section */
		5258883D1C08FBC000C89BC9 /* Project object */ = {
			isa = PBXProject;
			attributes = {
				LastSwiftUpdateCheck = 0710;
				LastUpgradeCheck = 0710;
				ORGANIZATIONNAME = "Michael Perri";
				TargetAttributes = {
					52220E361C0B9D3200555350 = {
						CreatedOnToolsVersion = 7.1.1;
						DevelopmentTeam = E92EJTVEYS;
						SystemCapabilities = {
							com.apple.ApplicationGroups.iOS = {
								enabled = 1;
							};
						};
					};
					525888441C08FBC000C89BC9 = {
						CreatedOnToolsVersion = 7.1.1;
						DevelopmentTeam = E92EJTVEYS;
						SystemCapabilities = {
							com.apple.ApplicationGroups.iOS = {
								enabled = 1;
							};
						};
					};
				};
			};
			buildConfigurationList = 525888401C08FBC000C89BC9 /* Build configuration list for PBXProject "Trillmoji" */;
			compatibilityVersion = "Xcode 3.2";
			developmentRegion = English;
			hasScannedForEncodings = 0;
			knownRegions = (
				en,
				Base,
			);
			mainGroup = 5258883C1C08FBC000C89BC9;
			productRefGroup = 525888461C08FBC000C89BC9 /* Products */;
			projectDirPath = "";
			projectRoot = "";
			targets = (
				525888441C08FBC000C89BC9 /* Trillmoji */,
				52220E361C0B9D3200555350 /* CustomKeyboard */,
			);
		};
/* End PBXProject section */

/* Begin PBXResourcesBuildPhase section */
		52220E351C0B9D3200555350 /* Resources */ = {
			isa = PBXResourcesBuildPhase;
			buildActionMask = 2147483647;
			files = (
				74B44B0A1C1390B2005A0E6B /* peach.amr in Resources */,
				74B44B331C139CEE005A0E6B /* rocket.wav in Resources */,
				74B44AF81C13884B005A0E6B /* rocket.amr in Resources */,
				74B44B041C1390B2005A0E6B /* airhorn.amr in Resources */,
				74B44B121C13926E005A0E6B /* turkey.amr in Resources */,
				74B44B291C139CEE005A0E6B /* applause.wav in Resources */,
				74B44B361C139CEE005A0E6B /* siren.wav in Resources */,
				74B44B281C139CEE005A0E6B /* airhorn.wav in Resources */,
				74B44B061C1390B2005A0E6B /* beer.amr in Resources */,
				74B44B2D1C139CEE005A0E6B /* crickets.wav in Resources */,
				74B44B2C1C139CEE005A0E6B /* cat.wav in Resources */,
				74B44B0C1C1390B2005A0E6B /* rimshot.amr in Resources */,
				74B44B0E1C1390B2005A0E6B /* siren.amr in Resources */,
				74B44B2B1C139CEE005A0E6B /* cash.wav in Resources */,
				74B44B351C139CEE005A0E6B /* sad-trombone.wav in Resources */,
				74B44B091C1390B2005A0E6B /* dog.amr in Resources */,
				74B44B321C139CEE005A0E6B /* rimshot.wav in Resources */,
				74B44B2A1C139CEE005A0E6B /* beer.wav in Resources */,
				74B44B0D1C1390B2005A0E6B /* rooster.amr in Resources */,
				74B44AF61C133C9C005A0E6B /* cat.amr in Resources */,
				74B44B111C13926E005A0E6B /* sad-trombone.amr in Resources */,
				74B44B051C1390B2005A0E6B /* applause.amr in Resources */,
				5C16C1A61C2757A800C543B1 /* KeyboardViewControllerSB.storyboard in Resources */,
				74B44B081C1390B2005A0E6B /* crickets.amr in Resources */,
				74B44B371C139CEE005A0E6B /* turkey.wav in Resources */,
				74B44B2F1C139CEE005A0E6B /* huh.wav in Resources */,
				525CB96D1C12C42700585BB6 /* huh.amr in Resources */,
				74B44B341C139CEE005A0E6B /* rooster.wav in Resources */,
				74B44B311C139CEE005A0E6B /* peach.wav in Resources */,
				74B44B2E1C139CEE005A0E6B /* dog.wav in Resources */,
				526497271C128E67007D6353 /* Trillmoji.entitlements in Resources */,
				74B44B071C1390B2005A0E6B /* cash.amr in Resources */,
			);
			runOnlyForDeploymentPostprocessing = 0;
		};
		525888431C08FBC000C89BC9 /* Resources */ = {
			isa = PBXResourcesBuildPhase;
			buildActionMask = 2147483647;
			files = (
				525888531C08FBC000C89BC9 /* LaunchScreen.storyboard in Resources */,
				525888501C08FBC000C89BC9 /* Assets.xcassets in Resources */,
				5258884E1C08FBC000C89BC9 /* Main.storyboard in Resources */,
				52220E2B1C09009A00555350 /* 37x-Checkmark.png in Resources */,
				526497261C128E67007D6353 /* Trillmoji.entitlements in Resources */,
				52220E2C1C09009A00555350 /* 37x-Checkmark@2x.png in Resources */,
			);
			runOnlyForDeploymentPostprocessing = 0;
		};
/* End PBXResourcesBuildPhase section */

/* Begin PBXShellScriptBuildPhase section */
		005440C1FC63A474D3A4A096 /* Check Pods Manifest.lock */ = {
			isa = PBXShellScriptBuildPhase;
			buildActionMask = 2147483647;
			files = (
			);
			inputPaths = (
			);
			name = "Check Pods Manifest.lock";
			outputPaths = (
			);
			runOnlyForDeploymentPostprocessing = 0;
			shellPath = /bin/sh;
			shellScript = "diff \"${PODS_ROOT}/../Podfile.lock\" \"${PODS_ROOT}/Manifest.lock\" > /dev/null\nif [[ $? != 0 ]] ; then\n    cat << EOM\nerror: The sandbox is not in sync with the Podfile.lock. Run 'pod install' or update your CocoaPods installation.\nEOM\n    exit 1\nfi\n";
			showEnvVarsInLog = 0;
		};
		0496CE17DED1D7FB4D0ACA4B /* Copy Pods Resources */ = {
			isa = PBXShellScriptBuildPhase;
			buildActionMask = 2147483647;
			files = (
			);
			inputPaths = (
			);
			name = "Copy Pods Resources";
			outputPaths = (
			);
			runOnlyForDeploymentPostprocessing = 0;
			shellPath = /bin/sh;
			shellScript = "\"${SRCROOT}/Pods/Target Support Files/Pods/Pods-resources.sh\"\n";
			showEnvVarsInLog = 0;
		};
		40323E725A1ED3C34AF84C6E /* Copy Pods Resources */ = {
			isa = PBXShellScriptBuildPhase;
			buildActionMask = 2147483647;
			files = (
			);
			inputPaths = (
			);
			name = "Copy Pods Resources";
			outputPaths = (
			);
			runOnlyForDeploymentPostprocessing = 0;
			shellPath = /bin/sh;
			shellScript = "\"${SRCROOT}/Pods/Target Support Files/Pods/Pods-resources.sh\"\n";
			showEnvVarsInLog = 0;
		};
		45FF086C17B297D439824CB2 /* Check Pods Manifest.lock */ = {
			isa = PBXShellScriptBuildPhase;
			buildActionMask = 2147483647;
			files = (
			);
			inputPaths = (
			);
			name = "Check Pods Manifest.lock";
			outputPaths = (
			);
			runOnlyForDeploymentPostprocessing = 0;
			shellPath = /bin/sh;
			shellScript = "diff \"${PODS_ROOT}/../Podfile.lock\" \"${PODS_ROOT}/Manifest.lock\" > /dev/null\nif [[ $? != 0 ]] ; then\n    cat << EOM\nerror: The sandbox is not in sync with the Podfile.lock. Run 'pod install' or update your CocoaPods installation.\nEOM\n    exit 1\nfi\n";
			showEnvVarsInLog = 0;
		};
		788E0FD904D356988E463999 /* Embed Pods Frameworks */ = {
			isa = PBXShellScriptBuildPhase;
			buildActionMask = 2147483647;
			files = (
			);
			inputPaths = (
			);
			name = "Embed Pods Frameworks";
			outputPaths = (
			);
			runOnlyForDeploymentPostprocessing = 0;
			shellPath = /bin/sh;
			shellScript = "\"${SRCROOT}/Pods/Target Support Files/Pods/Pods-frameworks.sh\"\ncd \"${CONFIGURATION_BUILD_DIR}/${UNLOCALIZED_RESOURCES_FOLDER_PATH}/\"\nif [[ -d \"Frameworks\" ]]; then\nrm -fr Frameworks\nfi";
			showEnvVarsInLog = 0;
		};
		ADF126B6D3BE2DD7239FE011 /* Embed Pods Frameworks */ = {
			isa = PBXShellScriptBuildPhase;
			buildActionMask = 2147483647;
			files = (
			);
			inputPaths = (
			);
			name = "Embed Pods Frameworks";
			outputPaths = (
			);
			runOnlyForDeploymentPostprocessing = 0;
			shellPath = /bin/sh;
			shellScript = "\"${SRCROOT}/Pods/Target Support Files/Pods/Pods-frameworks.sh\"\n";
			showEnvVarsInLog = 0;
		};
/* End PBXShellScriptBuildPhase section */

/* Begin PBXSourcesBuildPhase section */
		52220E331C0B9D3200555350 /* Sources */ = {
			isa = PBXSourcesBuildPhase;
			buildActionMask = 2147483647;
			files = (
				5C16C1A51C27419600C543B1 /* KeyCell.swift in Sources */,
				52220E3A1C0B9D3200555350 /* KeyboardViewController.swift in Sources */,
				525CB9691C12BDC500585BB6 /* KeyData.swift in Sources */,
			);
			runOnlyForDeploymentPostprocessing = 0;
		};
		525888411C08FBC000C89BC9 /* Sources */ = {
			isa = PBXSourcesBuildPhase;
			buildActionMask = 2147483647;
			files = (
				5258884B1C08FBC000C89BC9 /* ViewController.swift in Sources */,
				525888491C08FBC000C89BC9 /* AppDelegate.swift in Sources */,
			);
			runOnlyForDeploymentPostprocessing = 0;
		};
/* End PBXSourcesBuildPhase section */

/* Begin PBXTargetDependency section */
		52220E3D1C0B9D3200555350 /* PBXTargetDependency */ = {
			isa = PBXTargetDependency;
			target = 52220E361C0B9D3200555350 /* CustomKeyboard */;
			targetProxy = 52220E3C1C0B9D3200555350 /* PBXContainerItemProxy */;
		};
/* End PBXTargetDependency section */

/* Begin PBXVariantGroup section */
		5258884C1C08FBC000C89BC9 /* Main.storyboard */ = {
			isa = PBXVariantGroup;
			children = (
				5258884D1C08FBC000C89BC9 /* Base */,
			);
			name = Main.storyboard;
			sourceTree = "<group>";
		};
		525888511C08FBC000C89BC9 /* LaunchScreen.storyboard */ = {
			isa = PBXVariantGroup;
			children = (
				525888521C08FBC000C89BC9 /* Base */,
			);
			name = LaunchScreen.storyboard;
			sourceTree = "<group>";
		};
/* End PBXVariantGroup section */

/* Begin XCBuildConfiguration section */
		52220E401C0B9D3200555350 /* Debug */ = {
			isa = XCBuildConfiguration;
			baseConfigurationReference = FC62F72EBED1C03AD93959BF /* Pods.debug.xcconfig */;
			buildSettings = {
				CODE_SIGN_ENTITLEMENTS = CustomKeyboard/CustomKeyboard.entitlements;
				CODE_SIGN_IDENTITY = "iPhone Developer";
				"CODE_SIGN_IDENTITY[sdk=iphoneos*]" = "iPhone Developer";
				INFOPLIST_FILE = CustomKeyboard/Info.plist;
				LD_RUNPATH_SEARCH_PATHS = "$(inherited) @executable_path/Frameworks @executable_path/../../Frameworks";
				PRODUCT_BUNDLE_IDENTIFIER = com.mjp.Trillmoji.CustomKeyboard;
				PRODUCT_NAME = "$(TARGET_NAME)";
				PROVISIONING_PROFILE = "";
				SKIP_INSTALL = YES;
				SWIFT_OBJC_BRIDGING_HEADER = "CustomKeyboard/CustomKeyboard-Bridging-Header.h";
			};
			name = Debug;
		};
		52220E411C0B9D3200555350 /* Release */ = {
			isa = XCBuildConfiguration;
			baseConfigurationReference = DFBC664B3A0D3C04F95D47ED /* Pods.release.xcconfig */;
			buildSettings = {
				CODE_SIGN_ENTITLEMENTS = CustomKeyboard/CustomKeyboard.entitlements;
				CODE_SIGN_IDENTITY = "iPhone Developer";
				"CODE_SIGN_IDENTITY[sdk=iphoneos*]" = "iPhone Developer";
				INFOPLIST_FILE = CustomKeyboard/Info.plist;
				LD_RUNPATH_SEARCH_PATHS = "$(inherited) @executable_path/Frameworks @executable_path/../../Frameworks";
				PRODUCT_BUNDLE_IDENTIFIER = com.mjp.Trillmoji.CustomKeyboard;
				PRODUCT_NAME = "$(TARGET_NAME)";
				PROVISIONING_PROFILE = "";
				SKIP_INSTALL = YES;
				SWIFT_OBJC_BRIDGING_HEADER = "CustomKeyboard/CustomKeyboard-Bridging-Header.h";
			};
			name = Release;
		};
		525888551C08FBC000C89BC9 /* Debug */ = {
			isa = XCBuildConfiguration;
			buildSettings = {
				ALWAYS_SEARCH_USER_PATHS = NO;
				CLANG_CXX_LANGUAGE_STANDARD = "gnu++0x";
				CLANG_CXX_LIBRARY = "libc++";
				CLANG_ENABLE_MODULES = YES;
				CLANG_ENABLE_OBJC_ARC = YES;
				CLANG_WARN_BOOL_CONVERSION = YES;
				CLANG_WARN_CONSTANT_CONVERSION = YES;
				CLANG_WARN_DIRECT_OBJC_ISA_USAGE = YES_ERROR;
				CLANG_WARN_EMPTY_BODY = YES;
				CLANG_WARN_ENUM_CONVERSION = YES;
				CLANG_WARN_INT_CONVERSION = YES;
				CLANG_WARN_OBJC_ROOT_CLASS = YES_ERROR;
				CLANG_WARN_UNREACHABLE_CODE = YES;
				CLANG_WARN__DUPLICATE_METHOD_MATCH = YES;
				"CODE_SIGN_IDENTITY[sdk=iphoneos*]" = "iPhone Developer";
				COPY_PHASE_STRIP = NO;
				DEBUG_INFORMATION_FORMAT = dwarf;
				ENABLE_STRICT_OBJC_MSGSEND = YES;
				ENABLE_TESTABILITY = YES;
				GCC_C_LANGUAGE_STANDARD = gnu99;
				GCC_DYNAMIC_NO_PIC = NO;
				GCC_NO_COMMON_BLOCKS = YES;
				GCC_OPTIMIZATION_LEVEL = 0;
				GCC_PREPROCESSOR_DEFINITIONS = (
					"DEBUG=1",
					"$(inherited)",
				);
				GCC_WARN_64_TO_32_BIT_CONVERSION = YES;
				GCC_WARN_ABOUT_RETURN_TYPE = YES_ERROR;
				GCC_WARN_UNDECLARED_SELECTOR = YES;
				GCC_WARN_UNINITIALIZED_AUTOS = YES_AGGRESSIVE;
				GCC_WARN_UNUSED_FUNCTION = YES;
				GCC_WARN_UNUSED_VARIABLE = YES;
				IPHONEOS_DEPLOYMENT_TARGET = 9.1;
				MTL_ENABLE_DEBUG_INFO = YES;
				ONLY_ACTIVE_ARCH = YES;
				SDKROOT = iphoneos;
				SWIFT_OPTIMIZATION_LEVEL = "-Onone";
				TARGETED_DEVICE_FAMILY = "1,2";
			};
			name = Debug;
		};
		525888561C08FBC000C89BC9 /* Release */ = {
			isa = XCBuildConfiguration;
			buildSettings = {
				ALWAYS_SEARCH_USER_PATHS = NO;
				CLANG_CXX_LANGUAGE_STANDARD = "gnu++0x";
				CLANG_CXX_LIBRARY = "libc++";
				CLANG_ENABLE_MODULES = YES;
				CLANG_ENABLE_OBJC_ARC = YES;
				CLANG_WARN_BOOL_CONVERSION = YES;
				CLANG_WARN_CONSTANT_CONVERSION = YES;
				CLANG_WARN_DIRECT_OBJC_ISA_USAGE = YES_ERROR;
				CLANG_WARN_EMPTY_BODY = YES;
				CLANG_WARN_ENUM_CONVERSION = YES;
				CLANG_WARN_INT_CONVERSION = YES;
				CLANG_WARN_OBJC_ROOT_CLASS = YES_ERROR;
				CLANG_WARN_UNREACHABLE_CODE = YES;
				CLANG_WARN__DUPLICATE_METHOD_MATCH = YES;
				"CODE_SIGN_IDENTITY[sdk=iphoneos*]" = "iPhone Developer";
				COPY_PHASE_STRIP = NO;
				DEBUG_INFORMATION_FORMAT = "dwarf-with-dsym";
				ENABLE_NS_ASSERTIONS = NO;
				ENABLE_STRICT_OBJC_MSGSEND = YES;
				GCC_C_LANGUAGE_STANDARD = gnu99;
				GCC_NO_COMMON_BLOCKS = YES;
				GCC_WARN_64_TO_32_BIT_CONVERSION = YES;
				GCC_WARN_ABOUT_RETURN_TYPE = YES_ERROR;
				GCC_WARN_UNDECLARED_SELECTOR = YES;
				GCC_WARN_UNINITIALIZED_AUTOS = YES_AGGRESSIVE;
				GCC_WARN_UNUSED_FUNCTION = YES;
				GCC_WARN_UNUSED_VARIABLE = YES;
				IPHONEOS_DEPLOYMENT_TARGET = 9.1;
				MTL_ENABLE_DEBUG_INFO = NO;
				SDKROOT = iphoneos;
				TARGETED_DEVICE_FAMILY = "1,2";
				VALIDATE_PRODUCT = YES;
			};
			name = Release;
		};
		525888581C08FBC000C89BC9 /* Debug */ = {
			isa = XCBuildConfiguration;
			baseConfigurationReference = FC62F72EBED1C03AD93959BF /* Pods.debug.xcconfig */;
			buildSettings = {
				ASSETCATALOG_COMPILER_APPICON_NAME = AppIcon;
				CODE_SIGN_ENTITLEMENTS = Trillmoji/Trillmoji.entitlements;
				CODE_SIGN_IDENTITY = "iPhone Developer";
				"CODE_SIGN_IDENTITY[sdk=iphoneos*]" = "iPhone Developer";
				EMBEDDED_CONTENT_CONTAINS_SWIFT = YES;
				INFOPLIST_FILE = Trillmoji/Info.plist;
				LD_RUNPATH_SEARCH_PATHS = "$(inherited) @executable_path/Frameworks";
				PRODUCT_BUNDLE_IDENTIFIER = com.mjp.Trillmoji;
				PRODUCT_NAME = "$(TARGET_NAME)";
				PROVISIONING_PROFILE = "";
				SWIFT_OBJC_BRIDGING_HEADER = "Trillmoji/Trillmoji-Bridging-Header.h";
			};
			name = Debug;
		};
		525888591C08FBC000C89BC9 /* Release */ = {
			isa = XCBuildConfiguration;
			baseConfigurationReference = DFBC664B3A0D3C04F95D47ED /* Pods.release.xcconfig */;
			buildSettings = {
				ASSETCATALOG_COMPILER_APPICON_NAME = AppIcon;
				CODE_SIGN_ENTITLEMENTS = Trillmoji/Trillmoji.entitlements;
				CODE_SIGN_IDENTITY = "iPhone Developer";
				"CODE_SIGN_IDENTITY[sdk=iphoneos*]" = "iPhone Developer";
				EMBEDDED_CONTENT_CONTAINS_SWIFT = YES;
				INFOPLIST_FILE = Trillmoji/Info.plist;
				LD_RUNPATH_SEARCH_PATHS = "$(inherited) @executable_path/Frameworks";
				PRODUCT_BUNDLE_IDENTIFIER = com.mjp.Trillmoji;
				PRODUCT_NAME = "$(TARGET_NAME)";
				PROVISIONING_PROFILE = "";
				SWIFT_OBJC_BRIDGING_HEADER = "Trillmoji/Trillmoji-Bridging-Header.h";
			};
			name = Release;
		};
/* End XCBuildConfiguration section */

/* Begin XCConfigurationList section */
		52220E3F1C0B9D3200555350 /* Build configuration list for PBXNativeTarget "CustomKeyboard" */ = {
			isa = XCConfigurationList;
			buildConfigurations = (
				52220E401C0B9D3200555350 /* Debug */,
				52220E411C0B9D3200555350 /* Release */,
			);
			defaultConfigurationIsVisible = 0;
			defaultConfigurationName = Release;
		};
		525888401C08FBC000C89BC9 /* Build configuration list for PBXProject "Trillmoji" */ = {
			isa = XCConfigurationList;
			buildConfigurations = (
				525888551C08FBC000C89BC9 /* Debug */,
				525888561C08FBC000C89BC9 /* Release */,
			);
			defaultConfigurationIsVisible = 0;
			defaultConfigurationName = Release;
		};
		525888571C08FBC000C89BC9 /* Build configuration list for PBXNativeTarget "Trillmoji" */ = {
			isa = XCConfigurationList;
			buildConfigurations = (
				525888581C08FBC000C89BC9 /* Debug */,
				525888591C08FBC000C89BC9 /* Release */,
			);
			defaultConfigurationIsVisible = 0;
			defaultConfigurationName = Release;
		};
/* End XCConfigurationList section */
	};
	rootObject = 5258883D1C08FBC000C89BC9 /* Project object */;
}
